
Microsoft Visual Studio Solution File, Format Version 12.00
# Visual Studio Version 17
VisualStudioVersion = 17.8.34309.116
MinimumVisualStudioVersion = 10.0.40219.1
Project("{FAE04EC0-301F-11D3-BF4B-00C04F79EFBC}") = "hd01", "hd01.csproj", "{20234D9E-D762-4E12-9AD1-B011A73E5AFB}"
EndProject
Global
	GlobalSection(SolutionConfigurationPlatforms) = preSolution
		Debug|Any CPU = Debug|Any CPU
		Release|Any CPU = Release|Any CPU
	EndGlobalSection
	GlobalSection(ProjectConfigurationPlatforms) = postSolution
		{20234D9E-D762-4E12-9AD1-B011A73E5AFB}.Debug|Any CPU.ActiveCfg = Debug|Any CPU
		{20234D9E-D762-4E12-9AD1-B011A73E5AFB}.Debug|Any CPU.Build.0 = Debug|Any CPU
		{20234D9E-D762-4E12-9AD1-B011A73E5AFB}.Release|Any CPU.ActiveCfg = Release|Any CPU
		{20234D9E-D762-4E12-9AD1-B011A73E5AFB}.Release|Any CPU.Build.0 = Release|Any CPU
	EndGlobalSection
	GlobalSection(SolutionProperties) = preSolution
		HideSolutionNode = FALSE
	EndGlobalSection
	GlobalSection(ExtensibilityGlobals) = postSolution
		SolutionGuid = {B9572FD0-35B0-4065-A108-27FB1EFD3343}
	EndGlobalSection
EndGlobal
